
Microsoft Visual Studio Solution File, Format Version 12.00
# Visual Studio Version 16
VisualStudioVersion = 16.0.29201.188
MinimumVisualStudioVersion = 10.0.40219.1
Project("{FAE04EC0-301F-11D3-BF4B-00C04F79EFBC}") = "Lab6", "Lab6\Lab6.csproj", "{D3FCC87F-B150-480C-B628-9A3C5DD3F559}"
EndProject
Global
	GlobalSection(SolutionConfigurationPlatforms) = preSolution
		Debug|Any CPU = Debug|Any CPU
		Release|Any CPU = Release|Any CPU
	EndGlobalSection
	GlobalSection(ProjectConfigurationPlatforms) = postSolution
		{D3FCC87F-B150-480C-B628-9A3C5DD3F559}.Debug|Any CPU.ActiveCfg = Debug|Any CPU
		{D3FCC87F-B150-480C-B628-9A3C5DD3F559}.Debug|Any CPU.Build.0 = Debug|Any CPU
		{D3FCC87F-B150-480C-B628-9A3C5DD3F559}.Release|Any CPU.ActiveCfg = Release|Any CPU
		{D3FCC87F-B150-480C-B628-9A3C5DD3F559}.Release|Any CPU.Build.0 = Release|Any CPU
	EndGlobalSection
	GlobalSection(SolutionProperties) = preSolution
		HideSolutionNode = FALSE
	EndGlobalSection
	GlobalSection(ExtensibilityGlobals) = postSolution
		SolutionGuid = {B9D2FE45-AA08-4334-96FF-47BDA20BC112}
	EndGlobalSection
EndGlobal
